
Microsoft Visual Studio Solution File, Format Version 12.00
# Visual Studio Version 17
VisualStudioVersion = 17.4.33213.308
MinimumVisualStudioVersion = 10.0.40219.1
Project("{FAE04EC0-301F-11D3-BF4B-00C04F79EFBC}") = "LinQ", "ConsoleApp1\LinQ.csproj", "{E33560D9-5EEA-42BA-980B-678302F6E52C}"
EndProject
Project("{2150E333-8FDC-42A3-9474-1A3956D46DE8}") = "方案項目", "方案項目", "{D626885F-BFAB-4E1B-A89B-F06FBB8EB08F}"
	ProjectSection(SolutionItems) = preProject
		product.csv = product.csv
	EndProjectSection
EndProject
Project("{FAE04EC0-301F-11D3-BF4B-00C04F79EFBC}") = "1A2B_LINQ", "..\..\1A2B_LINQ\1A2B_LINQ\1A2B_LINQ.csproj", "{1AC94328-62F3-4B88-B005-80F05723E3C5}"
EndProject
Global
	GlobalSection(SolutionConfigurationPlatforms) = preSolution
		Debug|Any CPU = Debug|Any CPU
		Release|Any CPU = Release|Any CPU
	EndGlobalSection
	GlobalSection(ProjectConfigurationPlatforms) = postSolution
		{E33560D9-5EEA-42BA-980B-678302F6E52C}.Debug|Any CPU.ActiveCfg = Debug|Any CPU
		{E33560D9-5EEA-42BA-980B-678302F6E52C}.Debug|Any CPU.Build.0 = Debug|Any CPU
		{E33560D9-5EEA-42BA-980B-678302F6E52C}.Release|Any CPU.ActiveCfg = Release|Any CPU
		{E33560D9-5EEA-42BA-980B-678302F6E52C}.Release|Any CPU.Build.0 = Release|Any CPU
		{1AC94328-62F3-4B88-B005-80F05723E3C5}.Debug|Any CPU.ActiveCfg = Debug|Any CPU
		{1AC94328-62F3-4B88-B005-80F05723E3C5}.Debug|Any CPU.Build.0 = Debug|Any CPU
		{1AC94328-62F3-4B88-B005-80F05723E3C5}.Release|Any CPU.ActiveCfg = Release|Any CPU
		{1AC94328-62F3-4B88-B005-80F05723E3C5}.Release|Any CPU.Build.0 = Release|Any CPU
	EndGlobalSection
	GlobalSection(SolutionProperties) = preSolution
		HideSolutionNode = FALSE
	EndGlobalSection
	GlobalSection(ExtensibilityGlobals) = postSolution
		SolutionGuid = {0951873A-50F1-42F7-A642-99794BD6B4FF}
	EndGlobalSection
EndGlobal
